
Microsoft Visual Studio Solution File, Format Version 12.00
# Visual Studio 15
VisualStudioVersion = 15.0.28010.2048
MinimumVisualStudioVersion = 10.0.40219.1
Project("{FAE04EC0-301F-11D3-BF4B-00C04F79EFBC}") = "WpfApp1", "WpfApp1\WpfApp1.csproj", "{9B3C1DD6-72C8-4691-BE23-36CBF8984542}"
EndProject
Global
	GlobalSection(SolutionConfigurationPlatforms) = preSolution
		Debug|Any CPU = Debug|Any CPU
		Release|Any CPU = Release|Any CPU
	EndGlobalSection
	GlobalSection(ProjectConfigurationPlatforms) = postSolution
		{9B3C1DD6-72C8-4691-BE23-36CBF8984542}.Debug|Any CPU.ActiveCfg = Debug|Any CPU
		{9B3C1DD6-72C8-4691-BE23-36CBF8984542}.Debug|Any CPU.Build.0 = Debug|Any CPU
		{9B3C1DD6-72C8-4691-BE23-36CBF8984542}.Release|Any CPU.ActiveCfg = Release|Any CPU
		{9B3C1DD6-72C8-4691-BE23-36CBF8984542}.Release|Any CPU.Build.0 = Release|Any CPU
	EndGlobalSection
	GlobalSection(SolutionProperties) = preSolution
		HideSolutionNode = FALSE
	EndGlobalSection
	GlobalSection(ExtensibilityGlobals) = postSolution
		SolutionGuid = {D0BB954B-9AB9-48B6-9A53-41A15D69382C}
	EndGlobalSection
EndGlobal
